// !$*UTF8*$!
{
	archiveVersion = 1;
	classes = {
	};
	objectVersion = 77;
	objects = {

/* Begin PBXBuildFile section */
		941B6E0F2EF5B48A00F8132B /* AppDelegate.swift in Sources */ = {isa = PBXBuildFile; fileRef = 941B6DF82EF5B48A00F8132B /* AppDelegate.swift */; };
		941B6E102EF5B48A00F8132B /* SceneDelegate.swift in Sources */ = {isa = PBXBuildFile; fileRef = 941B6DF92EF5B48A00F8132B /* SceneDelegate.swift */; };
		941B6E112EF5B48A00F8132B /* CommUtil.swift in Sources */ = {isa = PBXBuildFile; fileRef = 941B6DFB2EF5B48A00F8132B /* CommUtil.swift */; };
		941B6E122EF5B48A00F8132B /* I18N.swift in Sources */ = {isa = PBXBuildFile; fileRef = 941B6DFE2EF5B48A00F8132B /* I18N.swift */; };
		941B6E132EF5B48A00F8132B /* Bone.xcdatamodeld in Sources */ = {isa = PBXBuildFile; fileRef = 941B6E052EF5B48A00F8132B /* Bone.xcdatamodeld */; };
		941B6E142EF5B48A00F8132B /* SplashViewController.swift in Sources */ = {isa = PBXBuildFile; fileRef = 941B6E0C2EF5B48A00F8132B /* SplashViewController.swift */; };
		941B6E152EF5B48A00F8132B /* i18n.sh in Resources */ = {isa = PBXBuildFile; fileRef = 941B6DFD2EF5B48A00F8132B /* i18n.sh */; };
		941B6E162EF5B48A00F8132B /* Localizable.strings in Resources */ = {isa = PBXBuildFile; fileRef = 941B6E012EF5B48A00F8132B /* Localizable.strings */; };
		941B6E172EF5B48A00F8132B /* Assets.xcassets in Resources */ = {isa = PBXBuildFile; fileRef = 941B6E042EF5B48A00F8132B /* Assets.xcassets */; };
		941B6E1A2EF5B48A00F8132B /* SplashViewController.storyboard in Resources */ = {isa = PBXBuildFile; fileRef = 941B6E0A2EF5B48A00F8132B /* SplashViewController.storyboard */; };
		941B6E1B2EF5B48A00F8132B /* README.md in Resources */ = {isa = PBXBuildFile; fileRef = 941B6E0B2EF5B48A00F8132B /* README.md */; };
		941B6E6B2EF92DE700F8132B /* KYKit.framework in Frameworks */ = {isa = PBXBuildFile; fileRef = 941B6E6A2EF92DE700F8132B /* KYKit.framework */; };
		941B6E6C2EF92DE700F8132B /* KYKit.framework in Embed Frameworks */ = {isa = PBXBuildFile; fileRef = 941B6E6A2EF92DE700F8132B /* KYKit.framework */; settings = {ATTRIBUTES = (CodeSignOnCopy, RemoveHeadersOnCopy, ); }; };
		941B6E932EFA353600F8132B /* SplashViewModel.swift in Sources */ = {isa = PBXBuildFile; fileRef = 941B6E922EFA352200F8132B /* SplashViewModel.swift */; };
		943D94532F206BA60074A9E3 /* UserListResponse.swift in Sources */ = {isa = PBXBuildFile; fileRef = 943D94522F206BA30074A9E3 /* UserListResponse.swift */; };
		943D94552F2092DA0074A9E3 /* UserListUsecase.swift in Sources */ = {isa = PBXBuildFile; fileRef = 943D94542F2092BF0074A9E3 /* UserListUsecase.swift */; };
		943D94572F20A6E30074A9E3 /* UserRepositoryProtocol.swift in Sources */ = {isa = PBXBuildFile; fileRef = 943D94562F20A6DF0074A9E3 /* UserRepositoryProtocol.swift */; };
		943D945A2F2213EA0074A9E3 /* Alamofire in Frameworks */ = {isa = PBXBuildFile; productRef = 943D94592F2213EA0074A9E3 /* Alamofire */; };
		943D945E2F2214240074A9E3 /* UserSession.swift in Sources */ = {isa = PBXBuildFile; fileRef = 943D945D2F22141B0074A9E3 /* UserSession.swift */; };
		943D94612F22190A0074A9E3 /* NetworkManager.swift in Sources */ = {isa = PBXBuildFile; fileRef = 943D94602F2219000074A9E3 /* NetworkManager.swift */; };
		943D94632F273FB40074A9E3 /* UserNetwork.swift in Sources */ = {isa = PBXBuildFile; fileRef = 943D94622F273FAE0074A9E3 /* UserNetwork.swift */; };
		943D94652F2740720074A9E3 /* SessionProtocol.swift in Sources */ = {isa = PBXBuildFile; fileRef = 943D94642F2740660074A9E3 /* SessionProtocol.swift */; };
		943D94682F2748A40074A9E3 /* TopicSession.swift in Sources */ = {isa = PBXBuildFile; fileRef = 943D94672F27489B0074A9E3 /* TopicSession.swift */; };
		943D946A2F2748AF0074A9E3 /* TopicNetwork.swift in Sources */ = {isa = PBXBuildFile; fileRef = 943D94692F2748AB0074A9E3 /* TopicNetwork.swift */; };
		943D946C2F27539F0074A9E3 /* UserRepository.swift in Sources */ = {isa = PBXBuildFile; fileRef = 943D946B2F27536D0074A9E3 /* UserRepository.swift */; };
		943D94702F275DCA0074A9E3 /* TopicListUsecase.swift in Sources */ = {isa = PBXBuildFile; fileRef = 943D946F2F275DB30074A9E3 /* TopicListUsecase.swift */; };
		943D94722F275DD70074A9E3 /* TopicListResponse.swift in Sources */ = {isa = PBXBuildFile; fileRef = 943D94712F275DD10074A9E3 /* TopicListResponse.swift */; };
		943D94742F27601E0074A9E3 /* TopicRepositoryProtocol.swift in Sources */ = {isa = PBXBuildFile; fileRef = 943D94732F2760120074A9E3 /* TopicRepositoryProtocol.swift */; };
		943D94762F289FCD0074A9E3 /* TopicRepository.swift in Sources */ = {isa = PBXBuildFile; fileRef = 943D94752F289FC30074A9E3 /* TopicRepository.swift */; };
		94E008E82F0216ED00E7BA27 /* KYUserDefaults.swift in Sources */ = {isa = PBXBuildFile; fileRef = 94E008E72F0216CF00E7BA27 /* KYUserDefaults.swift */; };
		94E008EC2F02367100E7BA27 /* MainViewController.xib in Resources */ = {isa = PBXBuildFile; fileRef = 94E008EB2F02367100E7BA27 /* MainViewController.xib */; };
		94E008ED2F02367100E7BA27 /* MainViewController.swift in Sources */ = {isa = PBXBuildFile; fileRef = 94E008EA2F02367100E7BA27 /* MainViewController.swift */; };
		94E008EF2F02389000E7BA27 /* MainViewModel.swift in Sources */ = {isa = PBXBuildFile; fileRef = 94E008EE2F02388800E7BA27 /* MainViewModel.swift */; };
		94E008F72F023CA300E7BA27 /* PermissionViewController.xib in Resources */ = {isa = PBXBuildFile; fileRef = 94E008F62F023CA300E7BA27 /* PermissionViewController.xib */; };
		94E008F82F023CA300E7BA27 /* PermissionViewController.swift in Sources */ = {isa = PBXBuildFile; fileRef = 94E008F52F023CA300E7BA27 /* PermissionViewController.swift */; };
		94E008FB2F023CBD00E7BA27 /* LoginViewController.xib in Resources */ = {isa = PBXBuildFile; fileRef = 94E008FA2F023CBD00E7BA27 /* LoginViewController.xib */; };
		94E008FC2F023CBD00E7BA27 /* LoginViewController.swift in Sources */ = {isa = PBXBuildFile; fileRef = 94E008F92F023CBD00E7BA27 /* LoginViewController.swift */; };
		94E008FE2F023CF700E7BA27 /* PermissionViewModel.swift in Sources */ = {isa = PBXBuildFile; fileRef = 94E008FD2F023CED00E7BA27 /* PermissionViewModel.swift */; };
		94E009002F023D1A00E7BA27 /* LoginViewModel.swift in Sources */ = {isa = PBXBuildFile; fileRef = 94E008FF2F023D1000E7BA27 /* LoginViewModel.swift */; };
		94E009032F023EDF00E7BA27 /* RootViewControllerProvider.swift in Sources */ = {isa = PBXBuildFile; fileRef = 94E009022F023E8400E7BA27 /* RootViewControllerProvider.swift */; };
		94EDA0FB2EFA58DB00E65D21 /* NetworkError.swift in Sources */ = {isa = PBXBuildFile; fileRef = 94EDA0FA2EFA58CB00E65D21 /* NetworkError.swift */; };
		94EDA0FD2EFA58FC00E65D21 /* CoreDataError.swift in Sources */ = {isa = PBXBuildFile; fileRef = 94EDA0FC2EFA58F500E65D21 /* CoreDataError.swift */; };
		94EDA12D2EFE32D500E65D21 /* JetBrainsMono-Light.otf in Resources */ = {isa = PBXBuildFile; fileRef = 94EDA1292EFE32D500E65D21 /* JetBrainsMono-Light.otf */; };
		94EDA12E2EFE32D500E65D21 /* JetBrainsMono-Regular.otf in Resources */ = {isa = PBXBuildFile; fileRef = 94EDA12A2EFE32D500E65D21 /* JetBrainsMono-Regular.otf */; };
		94EDA12F2EFE32D500E65D21 /* JetBrainsMono-Medium.otf in Resources */ = {isa = PBXBuildFile; fileRef = 94EDA12B2EFE32D500E65D21 /* JetBrainsMono-Medium.otf */; };
		94EDA1302EFE32D500E65D21 /* JetBrainsMono-Bold.otf in Resources */ = {isa = PBXBuildFile; fileRef = 94EDA12C2EFE32D500E65D21 /* JetBrainsMono-Bold.otf */; };
		94EDA1422EFE657B00E65D21 /* NotificationName.swift in Sources */ = {isa = PBXBuildFile; fileRef = 94EDA1412EFE655F00E65D21 /* NotificationName.swift */; };
		94EDA1452EFE746200E65D21 /* AppInfo.swift in Sources */ = {isa = PBXBuildFile; fileRef = 94EDA1442EFE742300E65D21 /* AppInfo.swift */; };
		94EDA1472EFE77EA00E65D21 /* Codable+Extension.swift in Sources */ = {isa = PBXBuildFile; fileRef = 94EDA1462EFE77C100E65D21 /* Codable+Extension.swift */; };
		94EE2F192F0DFE6B0064F678 /* VCStackDebugger.swift in Sources */ = {isa = PBXBuildFile; fileRef = 94EE2F172F0DFE6B0064F678 /* VCStackDebugger.swift */; };
		94EE2F202F0E16640064F678 /* FirstDetailViewController.swift in Sources */ = {isa = PBXBuildFile; fileRef = 94EE2F1E2F0E16640064F678 /* FirstDetailViewController.swift */; };
		94EE2F212F0E16640064F678 /* FirstDetailViewController.xib in Resources */ = {isa = PBXBuildFile; fileRef = 94EE2F1F2F0E16640064F678 /* FirstDetailViewController.xib */; };
		94EE2F242F0E16800064F678 /* SecondDetailViewController.swift in Sources */ = {isa = PBXBuildFile; fileRef = 94EE2F222F0E16800064F678 /* SecondDetailViewController.swift */; };
		94EE2F252F0E16800064F678 /* SecondDetailViewController.xib in Resources */ = {isa = PBXBuildFile; fileRef = 94EE2F232F0E16800064F678 /* SecondDetailViewController.xib */; };
		94EE2F282F0E16A00064F678 /* ThirdDetailViewController.swift in Sources */ = {isa = PBXBuildFile; fileRef = 94EE2F262F0E16A00064F678 /* ThirdDetailViewController.swift */; };
		94EE2F292F0E16A00064F678 /* ThirdDetailViewController.xib in Resources */ = {isa = PBXBuildFile; fileRef = 94EE2F272F0E16A00064F678 /* ThirdDetailViewController.xib */; };
		94EE2F2C2F0E16C40064F678 /* FourDetailViewController.xib in Resources */ = {isa = PBXBuildFile; fileRef = 94EE2F2B2F0E16C40064F678 /* FourDetailViewController.xib */; };
		94EE2F2D2F0E16C40064F678 /* FourDetailViewController.swift in Sources */ = {isa = PBXBuildFile; fileRef = 94EE2F2A2F0E16C40064F678 /* FourDetailViewController.swift */; };
		94EE2F2F2F0E16D60064F678 /* FirstDetailViewModel.swift in Sources */ = {isa = PBXBuildFile; fileRef = 94EE2F2E2F0E16CD0064F678 /* FirstDetailViewModel.swift */; };
		94EE2F312F0E16E80064F678 /* SecondDetailViewModel.swift in Sources */ = {isa = PBXBuildFile; fileRef = 94EE2F302F0E16DD0064F678 /* SecondDetailViewModel.swift */; };
		94EE2F332F0E16F90064F678 /* ThirdDetailViewModel.swift in Sources */ = {isa = PBXBuildFile; fileRef = 94EE2F322F0E16F60064F678 /* ThirdDetailViewModel.swift */; };
		94EE2F352F0E17080064F678 /* FourDetailViewModel.swift in Sources */ = {isa = PBXBuildFile; fileRef = 94EE2F342F0E17050064F678 /* FourDetailViewModel.swift */; };
		94EE2F442F1081BE0064F678 /* BoneTests.swift in Sources */ = {isa = PBXBuildFile; fileRef = 94EE2F422F1081BE0064F678 /* BoneTests.swift */; };
		94EE2F482F1081BE0064F678 /* BoneUITests.swift in Sources */ = {isa = PBXBuildFile; fileRef = 94EE2F452F1081BE0064F678 /* BoneUITests.swift */; };
		94EE2F492F1081BE0064F678 /* BoneUITestsLaunchTests.swift in Sources */ = {isa = PBXBuildFile; fileRef = 94EE2F462F1081BE0064F678 /* BoneUITestsLaunchTests.swift */; };
		94F8AD9C2F020BFD0074E6D6 /* LaunchScreen.storyboard in Resources */ = {isa = PBXBuildFile; fileRef = 94F8AD9B2F020BFD0074E6D6 /* LaunchScreen.storyboard */; };
		9864C59D2F7261EE0066C1AA /* RxBlocking in Frameworks */ = {isa = PBXBuildFile; productRef = 9864C59C2F7261EE0066C1AA /* RxBlocking */; };
		9864C5A12F7261EE0066C1AA /* RxCocoa in Frameworks */ = {isa = PBXBuildFile; productRef = 9864C5A02F7261EE0066C1AA /* RxCocoa */; };
		9864C5A52F7261EE0066C1AA /* RxRelay in Frameworks */ = {isa = PBXBuildFile; productRef = 9864C5A42F7261EE0066C1AA /* RxRelay */; };
		9864C5A92F7261EE0066C1AA /* RxSwift in Frameworks */ = {isa = PBXBuildFile; productRef = 9864C5A82F7261EE0066C1AA /* RxSwift */; };
		9864C5B22F7264B70066C1AA /* SnapKit in Frameworks */ = {isa = PBXBuildFile; productRef = 9864C5B12F7264B70066C1AA /* SnapKit */; };
/* End PBXBuildFile section */

/* Begin PBXContainerItemProxy section */
		941B6D392EF5944900F8132B /* PBXContainerItemProxy */ = {
			isa = PBXContainerItemProxy;
			containerPortal = 941B6D172EF5944300F8132B /* Project object */;
			proxyType = 1;
			remoteGlobalIDString = 941B6D1E2EF5944300F8132B;
			remoteInfo = bone;
		};
		941B6D432EF5944900F8132B /* PBXContainerItemProxy */ = {
			isa = PBXContainerItemProxy;
			containerPortal = 941B6D172EF5944300F8132B /* Project object */;
			proxyType = 1;
			remoteGlobalIDString = 941B6D1E2EF5944300F8132B;
			remoteInfo = bone;
		};
/* End PBXContainerItemProxy section */

/* Begin PBXCopyFilesBuildPhase section */
		941B6E6D2EF92DE700F8132B /* Embed Frameworks */ = {
			isa = PBXCopyFilesBuildPhase;
			buildActionMask = 2147483647;
			dstPath = "";
			dstSubfolderSpec = 10;
			files = (
				941B6E6C2EF92DE700F8132B /* KYKit.framework in Embed Frameworks */,
			);
			name = "Embed Frameworks";
			runOnlyForDeploymentPostprocessing = 0;
		};
/* End PBXCopyFilesBuildPhase section */

/* Begin PBXFileReference section */
		941B6D1F2EF5944300F8132B /* Bone.app */ = {isa = PBXFileReference; explicitFileType = wrapper.application; includeInIndex = 0; path = Bone.app; sourceTree = BUILT_PRODUCTS_DIR; };
		941B6D382EF5944900F8132B /* BoneTests.xctest */ = {isa = PBXFileReference; explicitFileType = wrapper.cfbundle; includeInIndex = 0; path = BoneTests.xctest; sourceTree = BUILT_PRODUCTS_DIR; };
		941B6D422EF5944900F8132B /* BoneUITests.xctest */ = {isa = PBXFileReference; explicitFileType = wrapper.cfbundle; includeInIndex = 0; path = BoneUITests.xctest; sourceTree = BUILT_PRODUCTS_DIR; };
		941B6DF82EF5B48A00F8132B /* AppDelegate.swift */ = {isa = PBXFileReference; lastKnownFileType = sourcecode.swift; path = AppDelegate.swift; sourceTree = "<group>"; };
		941B6DF92EF5B48A00F8132B /* SceneDelegate.swift */ = {isa = PBXFileReference; lastKnownFileType = sourcecode.swift; path = SceneDelegate.swift; sourceTree = "<group>"; };
		941B6DFB2EF5B48A00F8132B /* CommUtil.swift */ = {isa = PBXFileReference; lastKnownFileType = sourcecode.swift; path = CommUtil.swift; sourceTree = "<group>"; };
		941B6DFD2EF5B48A00F8132B /* i18n.sh */ = {isa = PBXFileReference; lastKnownFileType = text.script.sh; path = i18n.sh; sourceTree = "<group>"; };
		941B6DFE2EF5B48A00F8132B /* I18N.swift */ = {isa = PBXFileReference; lastKnownFileType = sourcecode.swift; path = I18N.swift; sourceTree = "<group>"; };
		941B6DFF2EF5B48A00F8132B /* en */ = {isa = PBXFileReference; lastKnownFileType = text.plist.strings; name = en; path = en.lproj/Localizable.strings; sourceTree = "<group>"; };
		941B6E002EF5B48A00F8132B /* ko */ = {isa = PBXFileReference; lastKnownFileType = text.plist.strings; name = ko; path = ko.lproj/Localizable.strings; sourceTree = "<group>"; };
		941B6E042EF5B48A00F8132B /* Assets.xcassets */ = {isa = PBXFileReference; lastKnownFileType = folder.assetcatalog; path = Assets.xcassets; sourceTree = "<group>"; };
		941B6E062EF5B48A00F8132B /* Info.plist */ = {isa = PBXFileReference; lastKnownFileType = text.plist.xml; path = Info.plist; sourceTree = "<group>"; };
		941B6E092EF5B48A00F8132B /* Base */ = {isa = PBXFileReference; lastKnownFileType = file.storyboard; name = Base; path = Base.lproj/SplashViewController.storyboard; sourceTree = "<group>"; };
		941B6E0B2EF5B48A00F8132B /* README.md */ = {isa = PBXFileReference; lastKnownFileType = net.daringfireball.markdown; path = README.md; sourceTree = "<group>"; };
		941B6E0C2EF5B48A00F8132B /* SplashViewController.swift */ = {isa = PBXFileReference; lastKnownFileType = sourcecode.swift; path = SplashViewController.swift; sourceTree = "<group>"; };
		941B6E0E2EF5B48A00F8132B /* Bone.xcdatamodel */ = {isa = PBXFileReference; lastKnownFileType = wrapper.xcdatamodel; path = Bone.xcdatamodel; sourceTree = "<group>"; };
		941B6E6A2EF92DE700F8132B /* KYKit.framework */ = {isa = PBXFileReference; explicitFileType = wrapper.framework; path = KYKit.framework; sourceTree = BUILT_PRODUCTS_DIR; };
		941B6E922EFA352200F8132B /* SplashViewModel.swift */ = {isa = PBXFileReference; lastKnownFileType = sourcecode.swift; path = SplashViewModel.swift; sourceTree = "<group>"; };
		943D94522F206BA30074A9E3 /* UserListResponse.swift */ = {isa = PBXFileReference; lastKnownFileType = sourcecode.swift; path = UserListResponse.swift; sourceTree = "<group>"; };
		943D94542F2092BF0074A9E3 /* UserListUsecase.swift */ = {isa = PBXFileReference; lastKnownFileType = sourcecode.swift; path = UserListUsecase.swift; sourceTree = "<group>"; };
		943D94562F20A6DF0074A9E3 /* UserRepositoryProtocol.swift */ = {isa = PBXFileReference; lastKnownFileType = sourcecode.swift; path = UserRepositoryProtocol.swift; sourceTree = "<group>"; };
		943D945D2F22141B0074A9E3 /* UserSession.swift */ = {isa = PBXFileReference; lastKnownFileType = sourcecode.swift; path = UserSession.swift; sourceTree = "<group>"; };
		943D94602F2219000074A9E3 /* NetworkManager.swift */ = {isa = PBXFileReference; lastKnownFileType = sourcecode.swift; path = NetworkManager.swift; sourceTree = "<group>"; };
		943D94622F273FAE0074A9E3 /* UserNetwork.swift */ = {isa = PBXFileReference; lastKnownFileType = sourcecode.swift; path = UserNetwork.swift; sourceTree = "<group>"; };
		943D94642F2740660074A9E3 /* SessionProtocol.swift */ = {isa = PBXFileReference; lastKnownFileType = sourcecode.swift; path = SessionProtocol.swift; sourceTree = "<group>"; };
		943D94672F27489B0074A9E3 /* TopicSession.swift */ = {isa = PBXFileReference; lastKnownFileType = sourcecode.swift; path = TopicSession.swift; sourceTree = "<group>"; };
		943D94692F2748AB0074A9E3 /* TopicNetwork.swift */ = {isa = PBXFileReference; lastKnownFileType = sourcecode.swift; path = TopicNetwork.swift; sourceTree = "<group>"; };
		943D946B2F27536D0074A9E3 /* UserRepository.swift */ = {isa = PBXFileReference; lastKnownFileType = sourcecode.swift; path = UserRepository.swift; sourceTree = "<group>"; };
		943D946F2F275DB30074A9E3 /* TopicListUsecase.swift */ = {isa = PBXFileReference; lastKnownFileType = sourcecode.swift; path = TopicListUsecase.swift; sourceTree = "<group>"; };
		943D94712F275DD10074A9E3 /* TopicListResponse.swift */ = {isa = PBXFileReference; lastKnownFileType = sourcecode.swift; path = TopicListResponse.swift; sourceTree = "<group>"; };
		943D94732F2760120074A9E3 /* TopicRepositoryProtocol.swift */ = {isa = PBXFileReference; lastKnownFileType = sourcecode.swift; path = TopicRepositoryProtocol.swift; sourceTree = "<group>"; };
		943D94752F289FC30074A9E3 /* TopicRepository.swift */ = {isa = PBXFileReference; lastKnownFileType = sourcecode.swift; path = TopicRepository.swift; sourceTree = "<group>"; };
		94E008E72F0216CF00E7BA27 /* KYUserDefaults.swift */ = {isa = PBXFileReference; lastKnownFileType = sourcecode.swift; path = KYUserDefaults.swift; sourceTree = "<group>"; };
		94E008EA2F02367100E7BA27 /* MainViewController.swift */ = {isa = PBXFileReference; lastKnownFileType = sourcecode.swift; path = MainViewController.swift; sourceTree = "<group>"; };
		94E008EB2F02367100E7BA27 /* MainViewController.xib */ = {isa = PBXFileReference; lastKnownFileType = file.xib; path = MainViewController.xib; sourceTree = "<group>"; };
		94E008EE2F02388800E7BA27 /* MainViewModel.swift */ = {isa = PBXFileReference; lastKnownFileType = sourcecode.swift; path = MainViewModel.swift; sourceTree = "<group>"; };
		94E008F52F023CA300E7BA27 /* PermissionViewController.swift */ = {isa = PBXFileReference; lastKnownFileType = sourcecode.swift; name = PermissionViewController.swift; path = Bone/Presentation/Main/PermissionViewController.swift; sourceTree = SOURCE_ROOT; };
		94E008F62F023CA300E7BA27 /* PermissionViewController.xib */ = {isa = PBXFileReference; lastKnownFileType = file.xib; name = PermissionViewController.xib; path = Bone/Presentation/Main/PermissionViewController.xib; sourceTree = SOURCE_ROOT; };
		94E008F92F023CBD00E7BA27 /* LoginViewController.swift */ = {isa = PBXFileReference; lastKnownFileType = sourcecode.swift; path = LoginViewController.swift; sourceTree = "<group>"; };
		94E008FA2F023CBD00E7BA27 /* LoginViewController.xib */ = {isa = PBXFileReference; lastKnownFileType = file.xib; path = LoginViewController.xib; sourceTree = "<group>"; };
		94E008FD2F023CED00E7BA27 /* PermissionViewModel.swift */ = {isa = PBXFileReference; lastKnownFileType = sourcecode.swift; path = PermissionViewModel.swift; sourceTree = "<group>"; };
		94E008FF2F023D1000E7BA27 /* LoginViewModel.swift */ = {isa = PBXFileReference; lastKnownFileType = sourcecode.swift; path = LoginViewModel.swift; sourceTree = "<group>"; };
		94E009022F023E8400E7BA27 /* RootViewControllerProvider.swift */ = {isa = PBXFileReference; lastKnownFileType = sourcecode.swift; path = RootViewControllerProvider.swift; sourceTree = "<group>"; };
		94EDA0FA2EFA58CB00E65D21 /* NetworkError.swift */ = {isa = PBXFileReference; lastKnownFileType = sourcecode.swift; path = NetworkError.swift; sourceTree = "<group>"; };
		94EDA0FC2EFA58F500E65D21 /* CoreDataError.swift */ = {isa = PBXFileReference; lastKnownFileType = sourcecode.swift; path = CoreDataError.swift; sourceTree = "<group>"; };
		94EDA1292EFE32D500E65D21 /* JetBrainsMono-Light.otf */ = {isa = PBXFileReference; lastKnownFileType = file; path = "JetBrainsMono-Light.otf"; sourceTree = "<group>"; };
		94EDA12A2EFE32D500E65D21 /* JetBrainsMono-Regular.otf */ = {isa = PBXFileReference; lastKnownFileType = file; path = "JetBrainsMono-Regular.otf"; sourceTree = "<group>"; };
		94EDA12B2EFE32D500E65D21 /* JetBrainsMono-Medium.otf */ = {isa = PBXFileReference; lastKnownFileType = file; path = "JetBrainsMono-Medium.otf"; sourceTree = "<group>"; };
		94EDA12C2EFE32D500E65D21 /* JetBrainsMono-Bold.otf */ = {isa = PBXFileReference; lastKnownFileType = file; path = "JetBrainsMono-Bold.otf"; sourceTree = "<group>"; };
		94EDA1412EFE655F00E65D21 /* NotificationName.swift */ = {isa = PBXFileReference; lastKnownFileType = sourcecode.swift; path = NotificationName.swift; sourceTree = "<group>"; };
		94EDA1442EFE742300E65D21 /* AppInfo.swift */ = {isa = PBXFileReference; lastKnownFileType = sourcecode.swift; path = AppInfo.swift; sourceTree = "<group>"; };
		94EDA1462EFE77C100E65D21 /* Codable+Extension.swift */ = {isa = PBXFileReference; lastKnownFileType = sourcecode.swift; path = "Codable+Extension.swift"; sourceTree = "<group>"; };
		94EE2F172F0DFE6B0064F678 /* VCStackDebugger.swift */ = {isa = PBXFileReference; lastKnownFileType = sourcecode.swift; path = VCStackDebugger.swift; sourceTree = "<group>"; };
		94EE2F1E2F0E16640064F678 /* FirstDetailViewController.swift */ = {isa = PBXFileReference; lastKnownFileType = sourcecode.swift; path = FirstDetailViewController.swift; sourceTree = "<group>"; };
		94EE2F1F2F0E16640064F678 /* FirstDetailViewController.xib */ = {isa = PBXFileReference; lastKnownFileType = file.xib; path = FirstDetailViewController.xib; sourceTree = "<group>"; };
		94EE2F222F0E16800064F678 /* SecondDetailViewController.swift */ = {isa = PBXFileReference; lastKnownFileType = sourcecode.swift; name = SecondDetailViewController.swift; path = Bone/Presentation/FirstDetail/SecondDetailViewController.swift; sourceTree = SOURCE_ROOT; };
		94EE2F232F0E16800064F678 /* SecondDetailViewController.xib */ = {isa = PBXFileReference; lastKnownFileType = file.xib; name = SecondDetailViewController.xib; path = Bone/Presentation/FirstDetail/SecondDetailViewController.xib; sourceTree = SOURCE_ROOT; };
		94EE2F262F0E16A00064F678 /* ThirdDetailViewController.swift */ = {isa = PBXFileReference; lastKnownFileType = sourcecode.swift; path = ThirdDetailViewController.swift; sourceTree = "<group>"; };
		94EE2F272F0E16A00064F678 /* ThirdDetailViewController.xib */ = {isa = PBXFileReference; lastKnownFileType = file.xib; path = ThirdDetailViewController.xib; sourceTree = "<group>"; };
		94EE2F2A2F0E16C40064F678 /* FourDetailViewController.swift */ = {isa = PBXFileReference; lastKnownFileType = sourcecode.swift; path = FourDetailViewController.swift; sourceTree = "<group>"; };
		94EE2F2B2F0E16C40064F678 /* FourDetailViewController.xib */ = {isa = PBXFileReference; lastKnownFileType = file.xib; path = FourDetailViewController.xib; sourceTree = "<group>"; };
		94EE2F2E2F0E16CD0064F678 /* FirstDetailViewModel.swift */ = {isa = PBXFileReference; lastKnownFileType = sourcecode.swift; path = FirstDetailViewModel.swift; sourceTree = "<group>"; };
		94EE2F302F0E16DD0064F678 /* SecondDetailViewModel.swift */ = {isa = PBXFileReference; lastKnownFileType = sourcecode.swift; path = SecondDetailViewModel.swift; sourceTree = "<group>"; };
		94EE2F322F0E16F60064F678 /* ThirdDetailViewModel.swift */ = {isa = PBXFileReference; lastKnownFileType = sourcecode.swift; path = ThirdDetailViewModel.swift; sourceTree = "<group>"; };
		94EE2F342F0E17050064F678 /* FourDetailViewModel.swift */ = {isa = PBXFileReference; lastKnownFileType = sourcecode.swift; path = FourDetailViewModel.swift; sourceTree = "<group>"; };
		94EE2F422F1081BE0064F678 /* BoneTests.swift */ = {isa = PBXFileReference; lastKnownFileType = sourcecode.swift; path = BoneTests.swift; sourceTree = "<group>"; };
		94EE2F452F1081BE0064F678 /* BoneUITests.swift */ = {isa = PBXFileReference; lastKnownFileType = sourcecode.swift; path = BoneUITests.swift; sourceTree = "<group>"; };
		94EE2F462F1081BE0064F678 /* BoneUITestsLaunchTests.swift */ = {isa = PBXFileReference; lastKnownFileType = sourcecode.swift; path = BoneUITestsLaunchTests.swift; sourceTree = "<group>"; };
		94F8AD9B2F020BFD0074E6D6 /* LaunchScreen.storyboard */ = {isa = PBXFileReference; lastKnownFileType = file.storyboard; path = LaunchScreen.storyboard; sourceTree = "<group>"; };
/* End PBXFileReference section */

/* Begin PBXFrameworksBuildPhase section */
		941B6D1C2EF5944300F8132B /* Frameworks */ = {
			isa = PBXFrameworksBuildPhase;
			buildActionMask = 2147483647;
			files = (
				9864C5A12F7261EE0066C1AA /* RxCocoa in Frameworks */,
				9864C5B22F7264B70066C1AA /* SnapKit in Frameworks */,
				9864C5A92F7261EE0066C1AA /* RxSwift in Frameworks */,
				941B6E6B2EF92DE700F8132B /* KYKit.framework in Frameworks */,
				9864C59D2F7261EE0066C1AA /* RxBlocking in Frameworks */,
				943D945A2F2213EA0074A9E3 /* Alamofire in Frameworks */,
				9864C5A52F7261EE0066C1AA /* RxRelay in Frameworks */,
			);
			runOnlyForDeploymentPostprocessing = 0;
		};
		941B6D352EF5944900F8132B /* Frameworks */ = {
			isa = PBXFrameworksBuildPhase;
			buildActionMask = 2147483647;
			files = (
			);
			runOnlyForDeploymentPostprocessing = 0;
		};
		941B6D3F2EF5944900F8132B /* Frameworks */ = {
			isa = PBXFrameworksBuildPhase;
			buildActionMask = 2147483647;
			files = (
			);
			runOnlyForDeploymentPostprocessing = 0;
		};
/* End PBXFrameworksBuildPhase section */

/* Begin PBXGroup section */
		941B6D162EF5944300F8132B = {
			isa = PBXGroup;
			children = (
				941B6E0D2EF5B48A00F8132B /* Bone */,
				94EE2F432F1081BE0064F678 /* BoneTests */,
				94EE2F472F1081BE0064F678 /* BoneUITests */,
				941B6E692EF92DE700F8132B /* Frameworks */,
				941B6D202EF5944300F8132B /* Products */,
			);
			sourceTree = "<group>";
		};
		941B6D202EF5944300F8132B /* Products */ = {
			isa = PBXGroup;
			children = (
				941B6D1F2EF5944300F8132B /* Bone.app */,
				941B6D382EF5944900F8132B /* BoneTests.xctest */,
				941B6D422EF5944900F8132B /* BoneUITests.xctest */,
			);
			name = Products;
			sourceTree = "<group>";
		};
		941B6DFA2EF5B48A00F8132B /* Delegate */ = {
			isa = PBXGroup;
			children = (
				941B6DF82EF5B48A00F8132B /* AppDelegate.swift */,
				941B6DF92EF5B48A00F8132B /* SceneDelegate.swift */,
			);
			path = Delegate;
			sourceTree = "<group>";
		};
		941B6DFC2EF5B48A00F8132B /* common */ = {
			isa = PBXGroup;
			children = (
				941B6DFB2EF5B48A00F8132B /* CommUtil.swift */,
			);
			path = common;
			sourceTree = "<group>";
		};
		941B6E022EF5B48A00F8132B /* strings */ = {
			isa = PBXGroup;
			children = (
				941B6DFD2EF5B48A00F8132B /* i18n.sh */,
				941B6DFE2EF5B48A00F8132B /* I18N.swift */,
				941B6E012EF5B48A00F8132B /* Localizable.strings */,
			);
			path = strings;
			sourceTree = "<group>";
		};
		941B6E032EF5B48A00F8132B /* resource */ = {
			isa = PBXGroup;
			children = (
				941B6E022EF5B48A00F8132B /* strings */,
				941B6DFC2EF5B48A00F8132B /* common */,
				94EDA1272EFE32A700E65D21 /* Fonts */,
			);
			path = resource;
			sourceTree = "<group>";
		};
		941B6E0D2EF5B48A00F8132B /* Bone */ = {
			isa = PBXGroup;
			children = (
				941B6E0B2EF5B48A00F8132B /* README.md */,
				941B6DFA2EF5B48A00F8132B /* Delegate */,
				941B6E892EFA1F7100F8132B /* Presentation */,
				941B6E882EFA1F2F00F8132B /* Data */,
				941B6E8A2EFA1F7500F8132B /* Domain */,
				94EDA1402EFE650000E65D21 /* Common */,
				941B6E032EF5B48A00F8132B /* resource */,
				941B6E042EF5B48A00F8132B /* Assets.xcassets */,
				941B6E062EF5B48A00F8132B /* Info.plist */,
				941B6E052EF5B48A00F8132B /* Bone.xcdatamodeld */,
				94F8AD9B2F020BFD0074E6D6 /* LaunchScreen.storyboard */,
			);
			path = Bone;
			sourceTree = "<group>";
		};
		941B6E692EF92DE700F8132B /* Frameworks */ = {
			isa = PBXGroup;
			children = (
				941B6E6A2EF92DE700F8132B /* KYKit.framework */,
			);
			name = Frameworks;
			sourceTree = "<group>";
		};
		941B6E882EFA1F2F00F8132B /* Data */ = {
			isa = PBXGroup;
			children = (
				941B6E902EFA347100F8132B /* Repository */,
				941B6E8F2EFA345300F8132B /* Network */,
				941B6E8E2EFA341100F8132B /* CoreData */,
				94EDA13F2EFE624D00E65D21 /* UserDefaults */,
			);
			path = Data;
			sourceTree = "<group>";
		};
		941B6E892EFA1F7100F8132B /* Presentation */ = {
			isa = PBXGroup;
			children = (
				94E009012F023E1F00E7BA27 /* Manager */,
				941B6E912EFA34BF00F8132B /* Splash */,
				94E008F32F023C4E00E7BA27 /* Permission */,
				94E008F42F023C8000E7BA27 /* Login */,
				94E008E92F02364300E7BA27 /* Main */,
				94EE2F1A2F0E15E60064F678 /* FirstDetail */,
				94EE2F1B2F0E16090064F678 /* SecondDetail */,
				94EE2F1C2F0E16200064F678 /* ThirdDetail */,
				94EE2F1D2F0E16400064F678 /* FourDetail */,
			);
			path = Presentation;
			sourceTree = "<group>";
		};
		941B6E8A2EFA1F7500F8132B /* Domain */ = {
			isa = PBXGroup;
			children = (
				941B6E8D2EFA33F000F8132B /* RepositoryProtocol */,
				941B6E8C2EFA33E400F8132B /* Usecase */,
				941B6E8B2EFA33D400F8132B /* Entity */,
			);
			path = Domain;
			sourceTree = "<group>";
		};
		941B6E8B2EFA33D400F8132B /* Entity */ = {
			isa = PBXGroup;
			children = (
				943D94522F206BA30074A9E3 /* UserListResponse.swift */,
				943D94712F275DD10074A9E3 /* TopicListResponse.swift */,
				94EDA0F92EFA580D00E65D21 /* common */,
			);
			path = Entity;
			sourceTree = "<group>";
		};
		941B6E8C2EFA33E400F8132B /* Usecase */ = {
			isa = PBXGroup;
			children = (
				943D94542F2092BF0074A9E3 /* UserListUsecase.swift */,
				943D946F2F275DB30074A9E3 /* TopicListUsecase.swift */,
			);
			path = Usecase;
			sourceTree = "<group>";
		};
		941B6E8D2EFA33F000F8132B /* RepositoryProtocol */ = {
			isa = PBXGroup;
			children = (
				943D94562F20A6DF0074A9E3 /* UserRepositoryProtocol.swift */,
				943D94732F2760120074A9E3 /* TopicRepositoryProtocol.swift */,
			);
			path = RepositoryProtocol;
			sourceTree = "<group>";
		};
		941B6E8E2EFA341100F8132B /* CoreData */ = {
			isa = PBXGroup;
			children = (
			);
			path = CoreData;
			sourceTree = "<group>";
		};
		941B6E8F2EFA345300F8132B /* Network */ = {
			isa = PBXGroup;
			children = (
				943D945D2F22141B0074A9E3 /* UserSession.swift */,
				943D94622F273FAE0074A9E3 /* UserNetwork.swift */,
				943D94672F27489B0074A9E3 /* TopicSession.swift */,
				943D94692F2748AB0074A9E3 /* TopicNetwork.swift */,
				943D946E2F2755440074A9E3 /* common */,
			);
			path = Network;
			sourceTree = "<group>";
		};
		941B6E902EFA347100F8132B /* Repository */ = {
			isa = PBXGroup;
			children = (
				943D946B2F27536D0074A9E3 /* UserRepository.swift */,
				943D94752F289FC30074A9E3 /* TopicRepository.swift */,
			);
			path = Repository;
			sourceTree = "<group>";
		};
		941B6E912EFA34BF00F8132B /* Splash */ = {
			isa = PBXGroup;
			children = (
				941B6E0C2EF5B48A00F8132B /* SplashViewController.swift */,
				941B6E0A2EF5B48A00F8132B /* SplashViewController.storyboard */,
				941B6E922EFA352200F8132B /* SplashViewModel.swift */,
			);
			path = Splash;
			sourceTree = "<group>";
		};
		9433D98E2F14883500D96412 /* Group */ = {
			isa = PBXGroup;
			children = (
				94EDA1442EFE742300E65D21 /* AppInfo.swift */,
			);
			path = Group;
			sourceTree = "<group>";
		};
		943D946E2F2755440074A9E3 /* common */ = {
			isa = PBXGroup;
			children = (
				943D94642F2740660074A9E3 /* SessionProtocol.swift */,
				943D94602F2219000074A9E3 /* NetworkManager.swift */,
			);
			path = common;
			sourceTree = "<group>";
		};
		94E008E92F02364300E7BA27 /* Main */ = {
			isa = PBXGroup;
			children = (
				94E008EA2F02367100E7BA27 /* MainViewController.swift */,
				94E008EB2F02367100E7BA27 /* MainViewController.xib */,
				94E008EE2F02388800E7BA27 /* MainViewModel.swift */,
			);
			path = Main;
			sourceTree = "<group>";
		};
		94E008F32F023C4E00E7BA27 /* Permission */ = {
			isa = PBXGroup;
			children = (
				94E008F52F023CA300E7BA27 /* PermissionViewController.swift */,
				94E008F62F023CA300E7BA27 /* PermissionViewController.xib */,
				94E008FD2F023CED00E7BA27 /* PermissionViewModel.swift */,
			);
			path = Permission;
			sourceTree = "<group>";
		};
		94E008F42F023C8000E7BA27 /* Login */ = {
			isa = PBXGroup;
			children = (
				94E008F92F023CBD00E7BA27 /* LoginViewController.swift */,
				94E008FA2F023CBD00E7BA27 /* LoginViewController.xib */,
				94E008FF2F023D1000E7BA27 /* LoginViewModel.swift */,
			);
			path = Login;
			sourceTree = "<group>";
		};
		94E009012F023E1F00E7BA27 /* Manager */ = {
			isa = PBXGroup;
			children = (
				94E009022F023E8400E7BA27 /* RootViewControllerProvider.swift */,
			);
			path = Manager;
			sourceTree = "<group>";
		};
		94EDA0F92EFA580D00E65D21 /* common */ = {
			isa = PBXGroup;
			children = (
				94EDA0FA2EFA58CB00E65D21 /* NetworkError.swift */,
				94EDA0FC2EFA58F500E65D21 /* CoreDataError.swift */,
			);
			path = common;
			sourceTree = "<group>";
		};
		94EDA1272EFE32A700E65D21 /* Fonts */ = {
			isa = PBXGroup;
			children = (
				94EDA1282EFE32CB00E65D21 /* oft */,
			);
			path = Fonts;
			sourceTree = "<group>";
		};
		94EDA1282EFE32CB00E65D21 /* oft */ = {
			isa = PBXGroup;
			children = (
				94EDA1312EFE333A00E65D21 /* JetBrainsMono */,
			);
			path = oft;
			sourceTree = "<group>";
		};
		94EDA1312EFE333A00E65D21 /* JetBrainsMono */ = {
			isa = PBXGroup;
			children = (
				94EDA1292EFE32D500E65D21 /* JetBrainsMono-Light.otf */,
				94EDA12A2EFE32D500E65D21 /* JetBrainsMono-Regular.otf */,
				94EDA12B2EFE32D500E65D21 /* JetBrainsMono-Medium.otf */,
				94EDA12C2EFE32D500E65D21 /* JetBrainsMono-Bold.otf */,
			);
			path = JetBrainsMono;
			sourceTree = "<group>";
		};
		94EDA13F2EFE624D00E65D21 /* UserDefaults */ = {
			isa = PBXGroup;
			children = (
				94E008E72F0216CF00E7BA27 /* KYUserDefaults.swift */,
			);
			path = UserDefaults;
			sourceTree = "<group>";
		};
		94EDA1402EFE650000E65D21 /* Common */ = {
			isa = PBXGroup;
			children = (
				94EE2F382F0E4F150064F678 /* API */,
				9433D98E2F14883500D96412 /* Group */,
				94EDA1432EFE66AD00E65D21 /* Constant */,
				94EE2F182F0DFE6B0064F678 /* Debugger */,
			);
			path = Common;
			sourceTree = "<group>";
		};
		94EDA1432EFE66AD00E65D21 /* Constant */ = {
			isa = PBXGroup;
			children = (
				94EDA1412EFE655F00E65D21 /* NotificationName.swift */,
			);
			path = Constant;
			sourceTree = "<group>";
		};
		94EE2F182F0DFE6B0064F678 /* Debugger */ = {
			isa = PBXGroup;
			children = (
				94EE2F172F0DFE6B0064F678 /* VCStackDebugger.swift */,
			);
			path = Debugger;
			sourceTree = "<group>";
		};
		94EE2F1A2F0E15E60064F678 /* FirstDetail */ = {
			isa = PBXGroup;
			children = (
				94EE2F1E2F0E16640064F678 /* FirstDetailViewController.swift */,
				94EE2F1F2F0E16640064F678 /* FirstDetailViewController.xib */,
				94EE2F2E2F0E16CD0064F678 /* FirstDetailViewModel.swift */,
			);
			path = FirstDetail;
			sourceTree = "<group>";
		};
		94EE2F1B2F0E16090064F678 /* SecondDetail */ = {
			isa = PBXGroup;
			children = (
				94EE2F222F0E16800064F678 /* SecondDetailViewController.swift */,
				94EE2F232F0E16800064F678 /* SecondDetailViewController.xib */,
				94EE2F302F0E16DD0064F678 /* SecondDetailViewModel.swift */,
			);
			path = SecondDetail;
			sourceTree = "<group>";
		};
		94EE2F1C2F0E16200064F678 /* ThirdDetail */ = {
			isa = PBXGroup;
			children = (
				94EE2F262F0E16A00064F678 /* ThirdDetailViewController.swift */,
				94EE2F272F0E16A00064F678 /* ThirdDetailViewController.xib */,
				94EE2F322F0E16F60064F678 /* ThirdDetailViewModel.swift */,
			);
			path = ThirdDetail;
			sourceTree = "<group>";
		};
		94EE2F1D2F0E16400064F678 /* FourDetail */ = {
			isa = PBXGroup;
			children = (
				94EE2F2A2F0E16C40064F678 /* FourDetailViewController.swift */,
				94EE2F2B2F0E16C40064F678 /* FourDetailViewController.xib */,
				94EE2F342F0E17050064F678 /* FourDetailViewModel.swift */,
			);
			path = FourDetail;
			sourceTree = "<group>";
		};
		94EE2F382F0E4F150064F678 /* API */ = {
			isa = PBXGroup;
			children = (
				94EDA1462EFE77C100E65D21 /* Codable+Extension.swift */,
			);
			path = API;
			sourceTree = "<group>";
		};
		94EE2F432F1081BE0064F678 /* BoneTests */ = {
			isa = PBXGroup;
			children = (
				94EE2F422F1081BE0064F678 /* BoneTests.swift */,
			);
			path = BoneTests;
			sourceTree = "<group>";
		};
		94EE2F472F1081BE0064F678 /* BoneUITests */ = {
			isa = PBXGroup;
			children = (
				94EE2F452F1081BE0064F678 /* BoneUITests.swift */,
				94EE2F462F1081BE0064F678 /* BoneUITestsLaunchTests.swift */,
			);
			path = BoneUITests;
			sourceTree = "<group>";
		};
/* End PBXGroup section */

/* Begin PBXNativeTarget section */
		941B6D1E2EF5944300F8132B /* Bone */ = {
			isa = PBXNativeTarget;
			buildConfigurationList = 941B6D4B2EF5944900F8132B /* Build configuration list for PBXNativeTarget "Bone" */;
			buildPhases = (
				941B6D1B2EF5944300F8132B /* Sources */,
				941B6D1C2EF5944300F8132B /* Frameworks */,
				941B6D1D2EF5944300F8132B /* Resources */,
				941B6E6D2EF92DE700F8132B /* Embed Frameworks */,
			);
			buildRules = (
			);
			dependencies = (
			);
			name = Bone;
			packageProductDependencies = (
				943D94592F2213EA0074A9E3 /* Alamofire */,
				9864C59C2F7261EE0066C1AA /* RxBlocking */,
				9864C5A02F7261EE0066C1AA /* RxCocoa */,
				9864C5A42F7261EE0066C1AA /* RxRelay */,
				9864C5A82F7261EE0066C1AA /* RxSwift */,
				9864C5B12F7264B70066C1AA /* SnapKit */,
			);
			productName = bone;
			productReference = 941B6D1F2EF5944300F8132B /* Bone.app */;
			productType = "com.apple.product-type.application";
		};
		941B6D372EF5944900F8132B /* BoneTests */ = {
			isa = PBXNativeTarget;
			buildConfigurationList = 941B6D502EF5944900F8132B /* Build configuration list for PBXNativeTarget "BoneTests" */;
			buildPhases = (
				941B6D342EF5944900F8132B /* Sources */,
				941B6D352EF5944900F8132B /* Frameworks */,
				941B6D362EF5944900F8132B /* Resources */,
			);
			buildRules = (
			);
			dependencies = (
				941B6D3A2EF5944900F8132B /* PBXTargetDependency */,
			);
			name = BoneTests;
			packageProductDependencies = (
			);
			productName = boneTests;
			productReference = 941B6D382EF5944900F8132B /* BoneTests.xctest */;
			productType = "com.apple.product-type.bundle.unit-test";
		};
		941B6D412EF5944900F8132B /* BoneUITests */ = {
			isa = PBXNativeTarget;
			buildConfigurationList = 941B6D532EF5944900F8132B /* Build configuration list for PBXNativeTarget "BoneUITests" */;
			buildPhases = (
				941B6D3E2EF5944900F8132B /* Sources */,
				941B6D3F2EF5944900F8132B /* Frameworks */,
				941B6D402EF5944900F8132B /* Resources */,
			);
			buildRules = (
			);
			dependencies = (
				941B6D442EF5944900F8132B /* PBXTargetDependency */,
			);
			name = BoneUITests;
			packageProductDependencies = (
			);
			productName = boneUITests;
			productReference = 941B6D422EF5944900F8132B /* BoneUITests.xctest */;
			productType = "com.apple.product-type.bundle.ui-testing";
		};
/* End PBXNativeTarget section */

/* Begin PBXProject section */
		941B6D172EF5944300F8132B /* Project object */ = {
			isa = PBXProject;
			attributes = {
				BuildIndependentTargetsInParallel = 1;
				LastSwiftUpdateCheck = 2600;
				LastUpgradeCheck = 2600;
				TargetAttributes = {
					941B6D1E2EF5944300F8132B = {
						CreatedOnToolsVersion = 26.0.1;
					};
					941B6D372EF5944900F8132B = {
						CreatedOnToolsVersion = 26.0.1;
						TestTargetID = 941B6D1E2EF5944300F8132B;
					};
					941B6D412EF5944900F8132B = {
						CreatedOnToolsVersion = 26.0.1;
						TestTargetID = 941B6D1E2EF5944300F8132B;
					};
				};
			};
			buildConfigurationList = 941B6D1A2EF5944300F8132B /* Build configuration list for PBXProject "Bone" */;
			developmentRegion = en;
			hasScannedForEncodings = 0;
			knownRegions = (
				en,
				Base,
				"en 2",
				ko,
			);
			mainGroup = 941B6D162EF5944300F8132B;
			minimizedProjectReferenceProxies = 1;
			packageReferences = (
				943D94582F2213EA0074A9E3 /* XCRemoteSwiftPackageReference "Alamofire" */,
				9864C59B2F7261EE0066C1AA /* XCRemoteSwiftPackageReference "RxSwift" */,
				9864C5B02F7264B70066C1AA /* XCRemoteSwiftPackageReference "SnapKit" */,
			);
			preferredProjectObjectVersion = 77;
			productRefGroup = 941B6D202EF5944300F8132B /* Products */;
			projectDirPath = "";
			projectRoot = "";
			targets = (
				941B6D1E2EF5944300F8132B /* Bone */,
				941B6D372EF5944900F8132B /* BoneTests */,
				941B6D412EF5944900F8132B /* BoneUITests */,
			);
		};
/* End PBXProject section */

/* Begin PBXResourcesBuildPhase section */
		941B6D1D2EF5944300F8132B /* Resources */ = {
			isa = PBXResourcesBuildPhase;
			buildActionMask = 2147483647;
			files = (
				94EDA12D2EFE32D500E65D21 /* JetBrainsMono-Light.otf in Resources */,
				94EDA12E2EFE32D500E65D21 /* JetBrainsMono-Regular.otf in Resources */,
				94EDA12F2EFE32D500E65D21 /* JetBrainsMono-Medium.otf in Resources */,
				94EDA1302EFE32D500E65D21 /* JetBrainsMono-Bold.otf in Resources */,
				94EE2F2C2F0E16C40064F678 /* FourDetailViewController.xib in Resources */,
				941B6E152EF5B48A00F8132B /* i18n.sh in Resources */,
				94E008F72F023CA300E7BA27 /* PermissionViewController.xib in Resources */,
				94EE2F252F0E16800064F678 /* SecondDetailViewController.xib in Resources */,
				94E008EC2F02367100E7BA27 /* MainViewController.xib in Resources */,
				941B6E162EF5B48A00F8132B /* Localizable.strings in Resources */,
				941B6E172EF5B48A00F8132B /* Assets.xcassets in Resources */,
				94E008FB2F023CBD00E7BA27 /* LoginViewController.xib in Resources */,
				94EE2F292F0E16A00064F678 /* ThirdDetailViewController.xib in Resources */,
				941B6E1A2EF5B48A00F8132B /* SplashViewController.storyboard in Resources */,
				94F8AD9C2F020BFD0074E6D6 /* LaunchScreen.storyboard in Resources */,
				94EE2F212F0E16640064F678 /* FirstDetailViewController.xib in Resources */,
				941B6E1B2EF5B48A00F8132B /* README.md in Resources */,
			);
			runOnlyForDeploymentPostprocessing = 0;
		};
		941B6D362EF5944900F8132B /* Resources */ = {
			isa = PBXResourcesBuildPhase;
			buildActionMask = 2147483647;
			files = (
			);
			runOnlyForDeploymentPostprocessing = 0;
		};
		941B6D402EF5944900F8132B /* Resources */ = {
			isa = PBXResourcesBuildPhase;
			buildActionMask = 2147483647;
			files = (
			);
			runOnlyForDeploymentPostprocessing = 0;
		};
/* End PBXResourcesBuildPhase section */

/* Begin PBXSourcesBuildPhase section */
		941B6D1B2EF5944300F8132B /* Sources */ = {
			isa = PBXSourcesBuildPhase;
			buildActionMask = 2147483647;
			files = (
				94EDA1472EFE77EA00E65D21 /* Codable+Extension.swift in Sources */,
				943D94762F289FCD0074A9E3 /* TopicRepository.swift in Sources */,
				94E008F82F023CA300E7BA27 /* PermissionViewController.swift in Sources */,
				943D94632F273FB40074A9E3 /* UserNetwork.swift in Sources */,
				941B6E0F2EF5B48A00F8132B /* AppDelegate.swift in Sources */,
				94E008FE2F023CF700E7BA27 /* PermissionViewModel.swift in Sources */,
				94EE2F2F2F0E16D60064F678 /* FirstDetailViewModel.swift in Sources */,
				94EDA0FB2EFA58DB00E65D21 /* NetworkError.swift in Sources */,
				943D94742F27601E0074A9E3 /* TopicRepositoryProtocol.swift in Sources */,
				943D945E2F2214240074A9E3 /* UserSession.swift in Sources */,
				941B6E102EF5B48A00F8132B /* SceneDelegate.swift in Sources */,
				943D94532F206BA60074A9E3 /* UserListResponse.swift in Sources */,
				943D946A2F2748AF0074A9E3 /* TopicNetwork.swift in Sources */,
				943D94572F20A6E30074A9E3 /* UserRepositoryProtocol.swift in Sources */,
				943D94612F22190A0074A9E3 /* NetworkManager.swift in Sources */,
				943D94702F275DCA0074A9E3 /* TopicListUsecase.swift in Sources */,
				94EE2F332F0E16F90064F678 /* ThirdDetailViewModel.swift in Sources */,
				94E008E82F0216ED00E7BA27 /* KYUserDefaults.swift in Sources */,
				94EE2F242F0E16800064F678 /* SecondDetailViewController.swift in Sources */,
				94E008EF2F02389000E7BA27 /* MainViewModel.swift in Sources */,
				94EDA1452EFE746200E65D21 /* AppInfo.swift in Sources */,
				941B6E112EF5B48A00F8132B /* CommUtil.swift in Sources */,
				94E008ED2F02367100E7BA27 /* MainViewController.swift in Sources */,
				94EE2F312F0E16E80064F678 /* SecondDetailViewModel.swift in Sources */,
				941B6E932EFA353600F8132B /* SplashViewModel.swift in Sources */,
				94EDA0FD2EFA58FC00E65D21 /* CoreDataError.swift in Sources */,
				94E009032F023EDF00E7BA27 /* RootViewControllerProvider.swift in Sources */,
				94EE2F282F0E16A00064F678 /* ThirdDetailViewController.swift in Sources */,
				94EDA1422EFE657B00E65D21 /* NotificationName.swift in Sources */,
				94E008FC2F023CBD00E7BA27 /* LoginViewController.swift in Sources */,
				943D94552F2092DA0074A9E3 /* UserListUsecase.swift in Sources */,
				94EE2F202F0E16640064F678 /* FirstDetailViewController.swift in Sources */,
				943D946C2F27539F0074A9E3 /* UserRepository.swift in Sources */,
				94EE2F352F0E17080064F678 /* FourDetailViewModel.swift in Sources */,
				94EE2F192F0DFE6B0064F678 /* VCStackDebugger.swift in Sources */,
				941B6E122EF5B48A00F8132B /* I18N.swift in Sources */,
				941B6E132EF5B48A00F8132B /* Bone.xcdatamodeld in Sources */,
				943D94722F275DD70074A9E3 /* TopicListResponse.swift in Sources */,
				94E009002F023D1A00E7BA27 /* LoginViewModel.swift in Sources */,
				943D94682F2748A40074A9E3 /* TopicSession.swift in Sources */,
				94EE2F2D2F0E16C40064F678 /* FourDetailViewController.swift in Sources */,
				943D94652F2740720074A9E3 /* SessionProtocol.swift in Sources */,
				941B6E142EF5B48A00F8132B /* SplashViewController.swift in Sources */,
			);
			runOnlyForDeploymentPostprocessing = 0;
		};
		941B6D342EF5944900F8132B /* Sources */ = {
			isa = PBXSourcesBuildPhase;
			buildActionMask = 2147483647;
			files = (
				94EE2F442F1081BE0064F678 /* BoneTests.swift in Sources */,
			);
			runOnlyForDeploymentPostprocessing = 0;
		};
		941B6D3E2EF5944900F8132B /* Sources */ = {
			isa = PBXSourcesBuildPhase;
			buildActionMask = 2147483647;
			files = (
				94EE2F482F1081BE0064F678 /* BoneUITests.swift in Sources */,
				94EE2F492F1081BE0064F678 /* BoneUITestsLaunchTests.swift in Sources */,
			);
			runOnlyForDeploymentPostprocessing = 0;
		};
/* End PBXSourcesBuildPhase section */

/* Begin PBXTargetDependency section */
		941B6D3A2EF5944900F8132B /* PBXTargetDependency */ = {
			isa = PBXTargetDependency;
			target = 941B6D1E2EF5944300F8132B /* Bone */;
			targetProxy = 941B6D392EF5944900F8132B /* PBXContainerItemProxy */;
		};
		941B6D442EF5944900F8132B /* PBXTargetDependency */ = {
			isa = PBXTargetDependency;
			target = 941B6D1E2EF5944300F8132B /* Bone */;
			targetProxy = 941B6D432EF5944900F8132B /* PBXContainerItemProxy */;
		};
/* End PBXTargetDependency section */

/* Begin PBXVariantGroup section */
		941B6E012EF5B48A00F8132B /* Localizable.strings */ = {
			isa = PBXVariantGroup;
			children = (
				941B6DFF2EF5B48A00F8132B /* en */,
				941B6E002EF5B48A00F8132B /* ko */,
			);
			name = Localizable.strings;
			sourceTree = "<group>";
		};
		941B6E0A2EF5B48A00F8132B /* SplashViewController.storyboard */ = {
			isa = PBXVariantGroup;
			children = (
				941B6E092EF5B48A00F8132B /* Base */,
			);
			name = SplashViewController.storyboard;
			sourceTree = "<group>";
		};
/* End PBXVariantGroup section */

/* Begin XCBuildConfiguration section */
		941B6D4C2EF5944900F8132B /* Debug */ = {
			isa = XCBuildConfiguration;
			buildSettings = {
				ASSETCATALOG_COMPILER_APPICON_NAME = AppIcon;
				ASSETCATALOG_COMPILER_GLOBAL_ACCENT_COLOR_NAME = AccentColor;
				CODE_SIGN_STYLE = Automatic;
				CURRENT_PROJECT_VERSION = 9;
				DEVELOPMENT_TEAM = Q822VU6G85;
				GENERATE_INFOPLIST_FILE = YES;
				INFOPLIST_FILE = Bone/Info.plist;
				INFOPLIST_KEY_ITSAppUsesNonExemptEncryption = NO;
				INFOPLIST_KEY_UIApplicationSupportsIndirectInputEvents = YES;
				INFOPLIST_KEY_UILaunchStoryboardName = LaunchScreen;
				INFOPLIST_KEY_UIMainStoryboardFile = SplashViewController;
				INFOPLIST_KEY_UISupportedInterfaceOrientations_iPad = "UIInterfaceOrientationPortrait UIInterfaceOrientationPortraitUpsideDown UIInterfaceOrientationLandscapeLeft UIInterfaceOrientationLandscapeRight";
				INFOPLIST_KEY_UISupportedInterfaceOrientations_iPhone = "UIInterfaceOrientationPortrait UIInterfaceOrientationLandscapeLeft UIInterfaceOrientationLandscapeRight";
				IPHONEOS_DEPLOYMENT_TARGET = 16.6;
				LD_RUNPATH_SEARCH_PATHS = (
					"$(inherited)",
					"@executable_path/Frameworks",
				);
				MARKETING_VERSION = 1.0;
				PRODUCT_BUNDLE_IDENTIFIER = com.pky.bone;
				PRODUCT_NAME = "$(TARGET_NAME)";
				STRING_CATALOG_GENERATE_SYMBOLS = YES;
				SWIFT_APPROACHABLE_CONCURRENCY = YES;
				SWIFT_DEFAULT_ACTOR_ISOLATION = MainActor;
				SWIFT_EMIT_LOC_STRINGS = YES;
				SWIFT_UPCOMING_FEATURE_MEMBER_IMPORT_VISIBILITY = YES;
				SWIFT_VERSION = 5.0;
				TARGETED_DEVICE_FAMILY = "1,2";
			};
			name = Debug;
		};
		941B6D4D2EF5944900F8132B /* Release */ = {
			isa = XCBuildConfiguration;
			buildSettings = {
				ASSETCATALOG_COMPILER_APPICON_NAME = AppIcon;
				ASSETCATALOG_COMPILER_GLOBAL_ACCENT_COLOR_NAME = AccentColor;
				CODE_SIGN_STYLE = Automatic;
				CURRENT_PROJECT_VERSION = 9;
				DEVELOPMENT_TEAM = Q822VU6G85;
				GENERATE_INFOPLIST_FILE = YES;
				INFOPLIST_FILE = Bone/Info.plist;
				INFOPLIST_KEY_ITSAppUsesNonExemptEncryption = NO;
				INFOPLIST_KEY_UIApplicationSupportsIndirectInputEvents = YES;
				INFOPLIST_KEY_UILaunchStoryboardName = LaunchScreen;
				INFOPLIST_KEY_UIMainStoryboardFile = SplashViewController;
				INFOPLIST_KEY_UISupportedInterfaceOrientations_iPad = "UIInterfaceOrientationPortrait UIInterfaceOrientationPortraitUpsideDown UIInterfaceOrientationLandscapeLeft UIInterfaceOrientationLandscapeRight";
				INFOPLIST_KEY_UISupportedInterfaceOrientations_iPhone = "UIInterfaceOrientationPortrait UIInterfaceOrientationLandscapeLeft UIInterfaceOrientationLandscapeRight";
				IPHONEOS_DEPLOYMENT_TARGET = 16.6;
				LD_RUNPATH_SEARCH_PATHS = (
					"$(inherited)",
					"@executable_path/Frameworks",
				);
				MARKETING_VERSION = 1.0;
				PRODUCT_BUNDLE_IDENTIFIER = com.pky.bone;
				PRODUCT_NAME = "$(TARGET_NAME)";
				STRING_CATALOG_GENERATE_SYMBOLS = YES;
				SWIFT_APPROACHABLE_CONCURRENCY = YES;
				SWIFT_DEFAULT_ACTOR_ISOLATION = MainActor;
				SWIFT_EMIT_LOC_STRINGS = YES;
				SWIFT_UPCOMING_FEATURE_MEMBER_IMPORT_VISIBILITY = YES;
				SWIFT_VERSION = 5.0;
				TARGETED_DEVICE_FAMILY = "1,2";
			};
			name = Release;
		};
		941B6D4E2EF5944900F8132B /* Debug */ = {
			isa = XCBuildConfiguration;
			buildSettings = {
				ALWAYS_SEARCH_USER_PATHS = NO;
				ASSETCATALOG_COMPILER_GENERATE_SWIFT_ASSET_SYMBOL_EXTENSIONS = YES;
				CLANG_ANALYZER_NONNULL = YES;
				CLANG_ANALYZER_NUMBER_OBJECT_CONVERSION = YES_AGGRESSIVE;
				CLANG_CXX_LANGUAGE_STANDARD = "gnu++20";
				CLANG_ENABLE_MODULES = YES;
				CLANG_ENABLE_OBJC_ARC = YES;
				CLANG_ENABLE_OBJC_WEAK = YES;
				CLANG_WARN_BLOCK_CAPTURE_AUTORELEASING = YES;
				CLANG_WARN_BOOL_CONVERSION = YES;
				CLANG_WARN_COMMA = YES;
				CLANG_WARN_CONSTANT_CONVERSION = YES;
				CLANG_WARN_DEPRECATED_OBJC_IMPLEMENTATIONS = YES;
				CLANG_WARN_DIRECT_OBJC_ISA_USAGE = YES_ERROR;
				CLANG_WARN_DOCUMENTATION_COMMENTS = YES;
				CLANG_WARN_EMPTY_BODY = YES;
				CLANG_WARN_ENUM_CONVERSION = YES;
				CLANG_WARN_INFINITE_RECURSION = YES;
				CLANG_WARN_INT_CONVERSION = YES;
				CLANG_WARN_NON_LITERAL_NULL_CONVERSION = YES;
				CLANG_WARN_OBJC_IMPLICIT_RETAIN_SELF = YES;
				CLANG_WARN_OBJC_LITERAL_CONVERSION = YES;
				CLANG_WARN_OBJC_ROOT_CLASS = YES_ERROR;
				CLANG_WARN_QUOTED_INCLUDE_IN_FRAMEWORK_HEADER = YES;
				CLANG_WARN_RANGE_LOOP_ANALYSIS = YES;
				CLANG_WARN_STRICT_PROTOTYPES = YES;
				CLANG_WARN_SUSPICIOUS_MOVE = YES;
				CLANG_WARN_UNGUARDED_AVAILABILITY = YES_AGGRESSIVE;
				CLANG_WARN_UNREACHABLE_CODE = YES;
				CLANG_WARN__DUPLICATE_METHOD_MATCH = YES;
				COPY_PHASE_STRIP = NO;
				DEBUG_INFORMATION_FORMAT = dwarf;
				DEVELOPMENT_TEAM = Q822VU6G85;
				ENABLE_STRICT_OBJC_MSGSEND = YES;
				ENABLE_TESTABILITY = YES;
				ENABLE_USER_SCRIPT_SANDBOXING = YES;
				GCC_C_LANGUAGE_STANDARD = gnu17;
				GCC_DYNAMIC_NO_PIC = NO;
				GCC_NO_COMMON_BLOCKS = YES;
				GCC_OPTIMIZATION_LEVEL = 0;
				GCC_PREPROCESSOR_DEFINITIONS = (
					"DEBUG=1",
					"$(inherited)",
				);
				GCC_WARN_64_TO_32_BIT_CONVERSION = YES;
				GCC_WARN_ABOUT_RETURN_TYPE = YES_ERROR;
				GCC_WARN_UNDECLARED_SELECTOR = YES;
				GCC_WARN_UNINITIALIZED_AUTOS = YES_AGGRESSIVE;
				GCC_WARN_UNUSED_FUNCTION = YES;
				GCC_WARN_UNUSED_VARIABLE = YES;
				IPHONEOS_DEPLOYMENT_TARGET = 26.0;
				LOCALIZATION_PREFERS_STRING_CATALOGS = YES;
				MTL_ENABLE_DEBUG_INFO = INCLUDE_SOURCE;
				MTL_FAST_MATH = YES;
				ONLY_ACTIVE_ARCH = YES;
				SDKROOT = iphoneos;
				SWIFT_ACTIVE_COMPILATION_CONDITIONS = "DEBUG $(inherited)";
				SWIFT_OPTIMIZATION_LEVEL = "-Onone";
			};
			name = Debug;
		};
		941B6D4F2EF5944900F8132B /* Release */ = {
			isa = XCBuildConfiguration;
			buildSettings = {
				ALWAYS_SEARCH_USER_PATHS = NO;
				ASSETCATALOG_COMPILER_GENERATE_SWIFT_ASSET_SYMBOL_EXTENSIONS = YES;
				CLANG_ANALYZER_NONNULL = YES;
				CLANG_ANALYZER_NUMBER_OBJECT_CONVERSION = YES_AGGRESSIVE;
				CLANG_CXX_LANGUAGE_STANDARD = "gnu++20";
				CLANG_ENABLE_MODULES = YES;
				CLANG_ENABLE_OBJC_ARC = YES;
				CLANG_ENABLE_OBJC_WEAK = YES;
				CLANG_WARN_BLOCK_CAPTURE_AUTORELEASING = YES;
				CLANG_WARN_BOOL_CONVERSION = YES;
				CLANG_WARN_COMMA = YES;
				CLANG_WARN_CONSTANT_CONVERSION = YES;
				CLANG_WARN_DEPRECATED_OBJC_IMPLEMENTATIONS = YES;
				CLANG_WARN_DIRECT_OBJC_ISA_USAGE = YES_ERROR;
				CLANG_WARN_DOCUMENTATION_COMMENTS = YES;
				CLANG_WARN_EMPTY_BODY = YES;
				CLANG_WARN_ENUM_CONVERSION = YES;
				CLANG_WARN_INFINITE_RECURSION = YES;
				CLANG_WARN_INT_CONVERSION = YES;
				CLANG_WARN_NON_LITERAL_NULL_CONVERSION = YES;
				CLANG_WARN_OBJC_IMPLICIT_RETAIN_SELF = YES;
				CLANG_WARN_OBJC_LITERAL_CONVERSION = YES;
				CLANG_WARN_OBJC_ROOT_CLASS = YES_ERROR;
				CLANG_WARN_QUOTED_INCLUDE_IN_FRAMEWORK_HEADER = YES;
				CLANG_WARN_RANGE_LOOP_ANALYSIS = YES;
				CLANG_WARN_STRICT_PROTOTYPES = YES;
				CLANG_WARN_SUSPICIOUS_MOVE = YES;
				CLANG_WARN_UNGUARDED_AVAILABILITY = YES_AGGRESSIVE;
				CLANG_WARN_UNREACHABLE_CODE = YES;
				CLANG_WARN__DUPLICATE_METHOD_MATCH = YES;
				COPY_PHASE_STRIP = NO;
				DEBUG_INFORMATION_FORMAT = "dwarf-with-dsym";
				DEVELOPMENT_TEAM = Q822VU6G85;
				ENABLE_NS_ASSERTIONS = NO;
				ENABLE_STRICT_OBJC_MSGSEND = YES;
				ENABLE_USER_SCRIPT_SANDBOXING = YES;
				GCC_C_LANGUAGE_STANDARD = gnu17;
				GCC_NO_COMMON_BLOCKS = YES;
				GCC_WARN_64_TO_32_BIT_CONVERSION = YES;
				GCC_WARN_ABOUT_RETURN_TYPE = YES_ERROR;
				GCC_WARN_UNDECLARED_SELECTOR = YES;
				GCC_WARN_UNINITIALIZED_AUTOS = YES_AGGRESSIVE;
				GCC_WARN_UNUSED_FUNCTION = YES;
				GCC_WARN_UNUSED_VARIABLE = YES;
				IPHONEOS_DEPLOYMENT_TARGET = 26.0;
				LOCALIZATION_PREFERS_STRING_CATALOGS = YES;
				MTL_ENABLE_DEBUG_INFO = NO;
				MTL_FAST_MATH = YES;
				SDKROOT = iphoneos;
				SWIFT_COMPILATION_MODE = wholemodule;
				VALIDATE_PRODUCT = YES;
			};
			name = Release;
		};
		941B6D512EF5944900F8132B /* Debug */ = {
			isa = XCBuildConfiguration;
			buildSettings = {
				BUNDLE_LOADER = "$(TEST_HOST)";
				CODE_SIGN_STYLE = Automatic;
				CURRENT_PROJECT_VERSION = 1;
				DEVELOPMENT_TEAM = Q822VU6G85;
				GENERATE_INFOPLIST_FILE = YES;
				IPHONEOS_DEPLOYMENT_TARGET = 26.0;
				MARKETING_VERSION = 1.0;
				PRODUCT_BUNDLE_IDENTIFIER = com.pky.boneTests;
				PRODUCT_NAME = "$(TARGET_NAME)";
				STRING_CATALOG_GENERATE_SYMBOLS = NO;
				SWIFT_APPROACHABLE_CONCURRENCY = YES;
				SWIFT_EMIT_LOC_STRINGS = NO;
				SWIFT_UPCOMING_FEATURE_MEMBER_IMPORT_VISIBILITY = YES;
				SWIFT_VERSION = 5.0;
				TARGETED_DEVICE_FAMILY = "1,2";
				TEST_HOST = "$(BUILT_PRODUCTS_DIR)/Bone.app/$(BUNDLE_EXECUTABLE_FOLDER_PATH)/Bone";
			};
			name = Debug;
		};
		941B6D522EF5944900F8132B /* Release */ = {
			isa = XCBuildConfiguration;
			buildSettings = {
				BUNDLE_LOADER = "$(TEST_HOST)";
				CODE_SIGN_STYLE = Automatic;
				CURRENT_PROJECT_VERSION = 1;
				DEVELOPMENT_TEAM = Q822VU6G85;
				GENERATE_INFOPLIST_FILE = YES;
				IPHONEOS_DEPLOYMENT_TARGET = 26.0;
				MARKETING_VERSION = 1.0;
				PRODUCT_BUNDLE_IDENTIFIER = com.pky.boneTests;
				PRODUCT_NAME = "$(TARGET_NAME)";
				STRING_CATALOG_GENERATE_SYMBOLS = NO;
				SWIFT_APPROACHABLE_CONCURRENCY = YES;
				SWIFT_EMIT_LOC_STRINGS = NO;
				SWIFT_UPCOMING_FEATURE_MEMBER_IMPORT_VISIBILITY = YES;
				SWIFT_VERSION = 5.0;
				TARGETED_DEVICE_FAMILY = "1,2";
				TEST_HOST = "$(BUILT_PRODUCTS_DIR)/Bone.app/$(BUNDLE_EXECUTABLE_FOLDER_PATH)/Bone";
			};
			name = Release;
		};
		941B6D542EF5944900F8132B /* Debug */ = {
			isa = XCBuildConfiguration;
			buildSettings = {
				CODE_SIGN_STYLE = Automatic;
				CURRENT_PROJECT_VERSION = 1;
				DEVELOPMENT_TEAM = Q822VU6G85;
				GENERATE_INFOPLIST_FILE = YES;
				MARKETING_VERSION = 1.0;
				PRODUCT_BUNDLE_IDENTIFIER = com.pky.boneUITests;
				PRODUCT_NAME = "$(TARGET_NAME)";
				STRING_CATALOG_GENERATE_SYMBOLS = NO;
				SWIFT_APPROACHABLE_CONCURRENCY = YES;
				SWIFT_EMIT_LOC_STRINGS = NO;
				SWIFT_UPCOMING_FEATURE_MEMBER_IMPORT_VISIBILITY = YES;
				SWIFT_VERSION = 5.0;
				TARGETED_DEVICE_FAMILY = "1,2";
				TEST_TARGET_NAME = Bone;
			};
			name = Debug;
		};
		941B6D552EF5944900F8132B /* Release */ = {
			isa = XCBuildConfiguration;
			buildSettings = {
				CODE_SIGN_STYLE = Automatic;
				CURRENT_PROJECT_VERSION = 1;
				DEVELOPMENT_TEAM = Q822VU6G85;
				GENERATE_INFOPLIST_FILE = YES;
				MARKETING_VERSION = 1.0;
				PRODUCT_BUNDLE_IDENTIFIER = com.pky.boneUITests;
				PRODUCT_NAME = "$(TARGET_NAME)";
				STRING_CATALOG_GENERATE_SYMBOLS = NO;
				SWIFT_APPROACHABLE_CONCURRENCY = YES;
				SWIFT_EMIT_LOC_STRINGS = NO;
				SWIFT_UPCOMING_FEATURE_MEMBER_IMPORT_VISIBILITY = YES;
				SWIFT_VERSION = 5.0;
				TARGETED_DEVICE_FAMILY = "1,2";
				TEST_TARGET_NAME = Bone;
			};
			name = Release;
		};
/* End XCBuildConfiguration section */

/* Begin XCConfigurationList section */
		941B6D1A2EF5944300F8132B /* Build configuration list for PBXProject "Bone" */ = {
			isa = XCConfigurationList;
			buildConfigurations = (
				941B6D4E2EF5944900F8132B /* Debug */,
				941B6D4F2EF5944900F8132B /* Release */,
			);
			defaultConfigurationIsVisible = 0;
			defaultConfigurationName = Release;
		};
		941B6D4B2EF5944900F8132B /* Build configuration list for PBXNativeTarget "Bone" */ = {
			isa = XCConfigurationList;
			buildConfigurations = (
				941B6D4C2EF5944900F8132B /* Debug */,
				941B6D4D2EF5944900F8132B /* Release */,
			);
			defaultConfigurationIsVisible = 0;
			defaultConfigurationName = Release;
		};
		941B6D502EF5944900F8132B /* Build configuration list for PBXNativeTarget "BoneTests" */ = {
			isa = XCConfigurationList;
			buildConfigurations = (
				941B6D512EF5944900F8132B /* Debug */,
				941B6D522EF5944900F8132B /* Release */,
			);
			defaultConfigurationIsVisible = 0;
			defaultConfigurationName = Release;
		};
		941B6D532EF5944900F8132B /* Build configuration list for PBXNativeTarget "BoneUITests" */ = {
			isa = XCConfigurationList;
			buildConfigurations = (
				941B6D542EF5944900F8132B /* Debug */,
				941B6D552EF5944900F8132B /* Release */,
			);
			defaultConfigurationIsVisible = 0;
			defaultConfigurationName = Release;
		};
/* End XCConfigurationList section */

/* Begin XCRemoteSwiftPackageReference section */
		943D94582F2213EA0074A9E3 /* XCRemoteSwiftPackageReference "Alamofire" */ = {
			isa = XCRemoteSwiftPackageReference;
			repositoryURL = "https://github.com/Alamofire/Alamofire.git";
			requirement = {
				kind = upToNextMajorVersion;
				minimumVersion = 5.11.0;
			};
		};
		9864C59B2F7261EE0066C1AA /* XCRemoteSwiftPackageReference "RxSwift" */ = {
			isa = XCRemoteSwiftPackageReference;
			repositoryURL = "https://github.com/ReactiveX/RxSwift.git";
			requirement = {
				kind = upToNextMajorVersion;
				minimumVersion = 6.10.2;
			};
		};
		9864C5B02F7264B70066C1AA /* XCRemoteSwiftPackageReference "SnapKit" */ = {
			isa = XCRemoteSwiftPackageReference;
			repositoryURL = "https://github.com/SnapKit/SnapKit.git";
			requirement = {
				kind = upToNextMajorVersion;
				minimumVersion = 5.7.1;
			};
		};
/* End XCRemoteSwiftPackageReference section */

/* Begin XCSwiftPackageProductDependency section */
		943D94592F2213EA0074A9E3 /* Alamofire */ = {
			isa = XCSwiftPackageProductDependency;
			package = 943D94582F2213EA0074A9E3 /* XCRemoteSwiftPackageReference "Alamofire" */;
			productName = Alamofire;
		};
		9864C59C2F7261EE0066C1AA /* RxBlocking */ = {
			isa = XCSwiftPackageProductDependency;
			package = 9864C59B2F7261EE0066C1AA /* XCRemoteSwiftPackageReference "RxSwift" */;
			productName = RxBlocking;
		};
		9864C5A02F7261EE0066C1AA /* RxCocoa */ = {
			isa = XCSwiftPackageProductDependency;
			package = 9864C59B2F7261EE0066C1AA /* XCRemoteSwiftPackageReference "RxSwift" */;
			productName = RxCocoa;
		};
		9864C5A42F7261EE0066C1AA /* RxRelay */ = {
			isa = XCSwiftPackageProductDependency;
			package = 9864C59B2F7261EE0066C1AA /* XCRemoteSwiftPackageReference "RxSwift" */;
			productName = RxRelay;
		};
		9864C5A82F7261EE0066C1AA /* RxSwift */ = {
			isa = XCSwiftPackageProductDependency;
			package = 9864C59B2F7261EE0066C1AA /* XCRemoteSwiftPackageReference "RxSwift" */;
			productName = RxSwift;
		};
		9864C5B12F7264B70066C1AA /* SnapKit */ = {
			isa = XCSwiftPackageProductDependency;
			package = 9864C5B02F7264B70066C1AA /* XCRemoteSwiftPackageReference "SnapKit" */;
			productName = SnapKit;
		};
/* End XCSwiftPackageProductDependency section */

/* Begin XCVersionGroup section */
		941B6E052EF5B48A00F8132B /* Bone.xcdatamodeld */ = {
			isa = XCVersionGroup;
			children = (
				941B6E0E2EF5B48A00F8132B /* Bone.xcdatamodel */,
			);
			currentVersion = 941B6E0E2EF5B48A00F8132B /* Bone.xcdatamodel */;
			path = Bone.xcdatamodeld;
			sourceTree = "<group>";
			versionGroupType = wrapper.xcdatamodel;
		};
/* End XCVersionGroup section */
	};
	rootObject = 941B6D172EF5944300F8132B /* Project object */;
}
